# This file was autogenerated by Stack.
# You should not edit this file by hand.
# For more information, please see the documentation at:
#   https://docs.haskellstack.org/en/stable/topics/lock_files

packages:
- completed:
    hackage: HaskellNet-SSL-0.4.0.2@sha256:c33082ae7ce0ab6c5d77aa810f4404320e275a8f93cab3a8e47d21c01884113b,2061
    pantry-tree:
      sha256: 201b1cd418166c73101760843309d61c393e0498bdd11805c3da9aeaafffdd73
      size: 687
  original:
    hackage: HaskellNet-SSL-0.4.0.2
snapshots:
- completed:
    sha256: 1b4c2669e26fa828451830ed4725e4d406acc25a1fa24fcc039465dd13d7a575
    size: 714100
    url: https://raw.githubusercontent.com/commercialhaskell/stackage-snapshots/master/lts/22/6.yaml
  original: lts-22.6
